
Microsoft Visual Studio Solution File, Format Version 12.00
# Visual Studio Version 16
VisualStudioVersion = 16.0.29728.190
MinimumVisualStudioVersion = 10.0.40219.1
Project("{FAE04EC0-301F-11D3-BF4B-00C04F79EFBC}") = "AngularEshop.WebApi", "AngularEshop.WebApi\AngularEshop.WebApi.csproj", "{74576D54-33E3-494C-A8AA-48CCF3AEE65A}"
EndProject
Project("{FAE04EC0-301F-11D3-BF4B-00C04F79EFBC}") = "AngularEshop.DataLayer", "AngularEshop.DataLayer\AngularEshop.DataLayer.csproj", "{F652AC6D-F7BE-493E-8076-D3131E529542}"
EndProject
Project("{FAE04EC0-301F-11D3-BF4B-00C04F79EFBC}") = "AngularEshop.Core", "AngularEshop.Core\AngularEshop.Core.csproj", "{CDE8958B-237B-411C-A821-E7DE78976879}"
EndProject
Global
	GlobalSection(SolutionConfigurationPlatforms) = preSolution
		Debug|Any CPU = Debug|Any CPU
		Release|Any CPU = Release|Any CPU
	EndGlobalSection
	GlobalSection(ProjectConfigurationPlatforms) = postSolution
		{74576D54-33E3-494C-A8AA-48CCF3AEE65A}.Debug|Any CPU.ActiveCfg = Debug|Any CPU
		{74576D54-33E3-494C-A8AA-48CCF3AEE65A}.Debug|Any CPU.Build.0 = Debug|Any CPU
		{74576D54-33E3-494C-A8AA-48CCF3AEE65A}.Release|Any CPU.ActiveCfg = Release|Any CPU
		{74576D54-33E3-494C-A8AA-48CCF3AEE65A}.Release|Any CPU.Build.0 = Release|Any CPU
		{F652AC6D-F7BE-493E-8076-D3131E529542}.Debug|Any CPU.ActiveCfg = Debug|Any CPU
		{F652AC6D-F7BE-493E-8076-D3131E529542}.Debug|Any CPU.Build.0 = Debug|Any CPU
		{F652AC6D-F7BE-493E-8076-D3131E529542}.Release|Any CPU.ActiveCfg = Release|Any CPU
		{F652AC6D-F7BE-493E-8076-D3131E529542}.Release|Any CPU.Build.0 = Release|Any CPU
		{CDE8958B-237B-411C-A821-E7DE78976879}.Debug|Any CPU.ActiveCfg = Debug|Any CPU
		{CDE8958B-237B-411C-A821-E7DE78976879}.Debug|Any CPU.Build.0 = Debug|Any CPU
		{CDE8958B-237B-411C-A821-E7DE78976879}.Release|Any CPU.ActiveCfg = Release|Any CPU
		{CDE8958B-237B-411C-A821-E7DE78976879}.Release|Any CPU.Build.0 = Release|Any CPU
	EndGlobalSection
	GlobalSection(SolutionProperties) = preSolution
		HideSolutionNode = FALSE
	EndGlobalSection
	GlobalSection(ExtensibilityGlobals) = postSolution
		SolutionGuid = {EBF87FF0-9DAD-4684-9C16-DC76BC60C319}
	EndGlobalSection
EndGlobal
